
Microsoft Visual Studio Solution File, Format Version 12.00
# Visual Studio Version 17
VisualStudioVersion = 17.14.36301.6
MinimumVisualStudioVersion = 10.0.40219.1
Project("{FAE04EC0-301F-11D3-BF4B-00C04F79EFBC}") = "WinFormsApp1", "WinFormsApp1.csproj", "{59605731-49BA-416A-9FC5-46CCCB9DCCB0}"
EndProject
Global
	GlobalSection(SolutionConfigurationPlatforms) = preSolution
		Debug|Any CPU = Debug|Any CPU
		Release|Any CPU = Release|Any CPU
	EndGlobalSection
	GlobalSection(ProjectConfigurationPlatforms) = postSolution
		{59605731-49BA-416A-9FC5-46CCCB9DCCB0}.Debug|Any CPU.ActiveCfg = Debug|Any CPU
		{59605731-49BA-416A-9FC5-46CCCB9DCCB0}.Debug|Any CPU.Build.0 = Debug|Any CPU
		{59605731-49BA-416A-9FC5-46CCCB9DCCB0}.Release|Any CPU.ActiveCfg = Release|Any CPU
		{59605731-49BA-416A-9FC5-46CCCB9DCCB0}.Release|Any CPU.Build.0 = Release|Any CPU
	EndGlobalSection
	GlobalSection(SolutionProperties) = preSolution
		HideSolutionNode = FALSE
	EndGlobalSection
	GlobalSection(ExtensibilityGlobals) = postSolution
		SolutionGuid = {83D2EA96-6E22-4536-8F9F-FC16EA68771B}
	EndGlobalSection
EndGlobal
